
Microsoft Visual Studio Solution File, Format Version 12.00
# Visual Studio 15
Project("{FAE04EC0-301F-11D3-BF4B-00C04F79EFBC}") = "Assembly-CSharp-firstpass", "Assembly-CSharp-firstpass.csproj", "{087181B1-4BD0-1634-9627-76A0DCC53A27}"
EndProject
Project("{FAE04EC0-301F-11D3-BF4B-00C04F79EFBC}") = "Assembly-CSharp", "Assembly-CSharp.csproj", "{EEEB49F5-5F3A-5EF6-6A45-E2EEE5B30B45}"
EndProject
Project("{FAE04EC0-301F-11D3-BF4B-00C04F79EFBC}") = "Assembly-CSharp-Editor-firstpass", "Assembly-CSharp-Editor-firstpass.csproj", "{B693FE9B-A2BB-9FE2-599F-D040934794FE}"
EndProject
Global
	GlobalSection(SolutionConfigurationPlatforms) = preSolution
		Debug|Any CPU = Debug|Any CPU
		Release|Any CPU = Release|Any CPU
	EndGlobalSection
	GlobalSection(ProjectConfigurationPlatforms) = postSolution
		{087181B1-4BD0-1634-9627-76A0DCC53A27}.Debug|Any CPU.ActiveCfg = Debug|Any CPU
		{087181B1-4BD0-1634-9627-76A0DCC53A27}.Debug|Any CPU.Build.0 = Debug|Any CPU
		{087181B1-4BD0-1634-9627-76A0DCC53A27}.Release|Any CPU.ActiveCfg = Release|Any CPU
		{087181B1-4BD0-1634-9627-76A0DCC53A27}.Release|Any CPU.Build.0 = Release|Any CPU
		{EEEB49F5-5F3A-5EF6-6A45-E2EEE5B30B45}.Debug|Any CPU.ActiveCfg = Debug|Any CPU
		{EEEB49F5-5F3A-5EF6-6A45-E2EEE5B30B45}.Debug|Any CPU.Build.0 = Debug|Any CPU
		{EEEB49F5-5F3A-5EF6-6A45-E2EEE5B30B45}.Release|Any CPU.ActiveCfg = Release|Any CPU
		{EEEB49F5-5F3A-5EF6-6A45-E2EEE5B30B45}.Release|Any CPU.Build.0 = Release|Any CPU
		{B693FE9B-A2BB-9FE2-599F-D040934794FE}.Debug|Any CPU.ActiveCfg = Debug|Any CPU
		{B693FE9B-A2BB-9FE2-599F-D040934794FE}.Debug|Any CPU.Build.0 = Debug|Any CPU
		{B693FE9B-A2BB-9FE2-599F-D040934794FE}.Release|Any CPU.ActiveCfg = Release|Any CPU
		{B693FE9B-A2BB-9FE2-599F-D040934794FE}.Release|Any CPU.Build.0 = Release|Any CPU
	EndGlobalSection
	GlobalSection(SolutionProperties) = preSolution
		HideSolutionNode = FALSE
	EndGlobalSection
EndGlobal
